// !$*UTF8*$!
{
	archiveVersion = 1;
	classes = {
	};
	objectVersion = 60;
	objects = {

/* Begin PBXBuildFile section */
		4E99A0132B61A43800726C31 /* AppDelegate.swift in Sources */ = {isa = PBXBuildFile; fileRef = 4E99A0122B61A43800726C31 /* AppDelegate.swift */; };
		4E99A0152B61A43800726C31 /* SceneDelegate.swift in Sources */ = {isa = PBXBuildFile; fileRef = 4E99A0142B61A43800726C31 /* SceneDelegate.swift */; };
		4E99A0172B61A43800726C31 /* WardsListViewController.swift in Sources */ = {isa = PBXBuildFile; fileRef = 4E99A0162B61A43800726C31 /* WardsListViewController.swift */; };
		4E99A01C2B61A43A00726C31 /* Assets.xcassets in Resources */ = {isa = PBXBuildFile; fileRef = 4E99A01B2B61A43A00726C31 /* Assets.xcassets */; };
		4E99A01F2B61A43A00726C31 /* LaunchScreen.storyboard in Resources */ = {isa = PBXBuildFile; fileRef = 4E99A01D2B61A43A00726C31 /* LaunchScreen.storyboard */; };
		4EBB41192B626F3F00F8C47E /* WardsListPresenter.swift in Sources */ = {isa = PBXBuildFile; fileRef = 4EBB41182B626F3F00F8C47E /* WardsListPresenter.swift */; };
		4EBB411D2B62738000F8C47E /* Assembly.swift in Sources */ = {isa = PBXBuildFile; fileRef = 4EBB411C2B62738000F8C47E /* Assembly.swift */; };
		4EBB411F2B62738600F8C47E /* Router.swift in Sources */ = {isa = PBXBuildFile; fileRef = 4EBB411E2B62738600F8C47E /* Router.swift */; };
		4EBB41212B62B3C000F8C47E /* WardsListTableViewCell.swift in Sources */ = {isa = PBXBuildFile; fileRef = 4EBB41202B62B3C000F8C47E /* WardsListTableViewCell.swift */; };
		4EBB41242B62FB1400F8C47E /* Extension + UIImageView.swift in Sources */ = {isa = PBXBuildFile; fileRef = 4EBB41232B62FB1400F8C47E /* Extension + UIImageView.swift */; };
		4EBB41262B62FC4800F8C47E /* Config.swift in Sources */ = {isa = PBXBuildFile; fileRef = 4EBB41252B62FC4800F8C47E /* Config.swift */; };
		4EBB41282B631B1B00F8C47E /* Constants.swift in Sources */ = {isa = PBXBuildFile; fileRef = 4EBB41272B631B1B00F8C47E /* Constants.swift */; };
		4EE1AF652B61A8EA0005C47F /* Apollo in Frameworks */ = {isa = PBXBuildFile; productRef = 4EE1AF642B61A8EA0005C47F /* Apollo */; };
		4EE1AF6A2B61AC120005C47F /* schema.graphqls in Resources */ = {isa = PBXBuildFile; fileRef = 4EE1AF692B61AC120005C47F /* schema.graphqls */; };
		4EE1AF6C2B61AC880005C47F /* WardsListQuery.graphql in Resources */ = {isa = PBXBuildFile; fileRef = 4EE1AF6B2B61AC880005C47F /* WardsListQuery.graphql */; };
		4EE1AF6F2B61AD3C0005C47F /* WardsAPI in Frameworks */ = {isa = PBXBuildFile; productRef = 4EE1AF6E2B61AD3C0005C47F /* WardsAPI */; };
		4EE1AF712B61ADF40005C47F /* NetworkService.swift in Sources */ = {isa = PBXBuildFile; fileRef = 4EE1AF702B61ADF40005C47F /* NetworkService.swift */; };
		4EE1AF792B61B2E70005C47F /* SnapKit in Frameworks */ = {isa = PBXBuildFile; productRef = 4EE1AF782B61B2E70005C47F /* SnapKit */; };
/* End PBXBuildFile section */

/* Begin PBXFileReference section */
		4E99A00F2B61A43800726C31 /* PomoschWardsList.app */ = {isa = PBXFileReference; explicitFileType = wrapper.application; includeInIndex = 0; path = PomoschWardsList.app; sourceTree = BUILT_PRODUCTS_DIR; };
		4E99A0122B61A43800726C31 /* AppDelegate.swift */ = {isa = PBXFileReference; lastKnownFileType = sourcecode.swift; path = AppDelegate.swift; sourceTree = "<group>"; };
		4E99A0142B61A43800726C31 /* SceneDelegate.swift */ = {isa = PBXFileReference; lastKnownFileType = sourcecode.swift; path = SceneDelegate.swift; sourceTree = "<group>"; };
		4E99A0162B61A43800726C31 /* WardsListViewController.swift */ = {isa = PBXFileReference; lastKnownFileType = sourcecode.swift; path = WardsListViewController.swift; sourceTree = "<group>"; };
		4E99A01B2B61A43A00726C31 /* Assets.xcassets */ = {isa = PBXFileReference; lastKnownFileType = folder.assetcatalog; path = Assets.xcassets; sourceTree = "<group>"; };
		4E99A01E2B61A43A00726C31 /* Base */ = {isa = PBXFileReference; lastKnownFileType = file.storyboard; name = Base; path = Base.lproj/LaunchScreen.storyboard; sourceTree = "<group>"; };
		4E99A0202B61A43A00726C31 /* Info.plist */ = {isa = PBXFileReference; lastKnownFileType = text.plist.xml; path = Info.plist; sourceTree = "<group>"; };
		4EBB41182B626F3F00F8C47E /* WardsListPresenter.swift */ = {isa = PBXFileReference; lastKnownFileType = sourcecode.swift; path = WardsListPresenter.swift; sourceTree = "<group>"; };
		4EBB411C2B62738000F8C47E /* Assembly.swift */ = {isa = PBXFileReference; lastKnownFileType = sourcecode.swift; path = Assembly.swift; sourceTree = "<group>"; };
		4EBB411E2B62738600F8C47E /* Router.swift */ = {isa = PBXFileReference; lastKnownFileType = sourcecode.swift; path = Router.swift; sourceTree = "<group>"; };
		4EBB41202B62B3C000F8C47E /* WardsListTableViewCell.swift */ = {isa = PBXFileReference; lastKnownFileType = sourcecode.swift; path = WardsListTableViewCell.swift; sourceTree = "<group>"; };
		4EBB41232B62FB1400F8C47E /* Extension + UIImageView.swift */ = {isa = PBXFileReference; lastKnownFileType = sourcecode.swift; path = "Extension + UIImageView.swift"; sourceTree = "<group>"; };
		4EBB41252B62FC4800F8C47E /* Config.swift */ = {isa = PBXFileReference; lastKnownFileType = sourcecode.swift; path = Config.swift; sourceTree = "<group>"; };
		4EBB41272B631B1B00F8C47E /* Constants.swift */ = {isa = PBXFileReference; lastKnownFileType = sourcecode.swift; path = Constants.swift; sourceTree = "<group>"; };
		4EE1AF692B61AC120005C47F /* schema.graphqls */ = {isa = PBXFileReference; fileEncoding = 4; lastKnownFileType = text; path = schema.graphqls; sourceTree = "<group>"; };
		4EE1AF6B2B61AC880005C47F /* WardsListQuery.graphql */ = {isa = PBXFileReference; lastKnownFileType = text; path = WardsListQuery.graphql; sourceTree = "<group>"; };
		4EE1AF702B61ADF40005C47F /* NetworkService.swift */ = {isa = PBXFileReference; lastKnownFileType = sourcecode.swift; path = NetworkService.swift; sourceTree = "<group>"; };
/* End PBXFileReference section */

/* Begin PBXFrameworksBuildPhase section */
		4E99A00C2B61A43800726C31 /* Frameworks */ = {
			isa = PBXFrameworksBuildPhase;
			buildActionMask = 2147483647;
			files = (
				4EE1AF792B61B2E70005C47F /* SnapKit in Frameworks */,
				4EE1AF652B61A8EA0005C47F /* Apollo in Frameworks */,
				4EE1AF6F2B61AD3C0005C47F /* WardsAPI in Frameworks */,
			);
			runOnlyForDeploymentPostprocessing = 0;
		};
/* End PBXFrameworksBuildPhase section */

/* Begin PBXGroup section */
		4E99A0062B61A43800726C31 = {
			isa = PBXGroup;
			children = (
				4E99A0112B61A43800726C31 /* PomoschWardsList */,
				4E99A0102B61A43800726C31 /* Products */,
			);
			sourceTree = "<group>";
		};
		4E99A0102B61A43800726C31 /* Products */ = {
			isa = PBXGroup;
			children = (
				4E99A00F2B61A43800726C31 /* PomoschWardsList.app */,
			);
			name = Products;
			sourceTree = "<group>";
		};
		4E99A0112B61A43800726C31 /* PomoschWardsList */ = {
			isa = PBXGroup;
			children = (
				4EE1AF682B61AC120005C47F /* Graphql */,
				4EE1AF732B61B0A70005C47F /* ApplicationLayer */,
				4EBB41222B62FAF500F8C47E /* Extensions */,
				4EE1AF742B61B0B60005C47F /* PresentationLayer */,
				4EE1AF752B61B0CA0005C47F /* NetworkLayer */,
				4EE1AF762B61B0EF0005C47F /* Resources */,
			);
			path = PomoschWardsList;
			sourceTree = "<group>";
		};
		4EBB411A2B62735300F8C47E /* Common */ = {
			isa = PBXGroup;
			children = (
				4EBB411C2B62738000F8C47E /* Assembly.swift */,
				4EBB411E2B62738600F8C47E /* Router.swift */,
			);
			path = Common;
			sourceTree = "<group>";
		};
		4EBB411B2B62735D00F8C47E /* WardsListModule */ = {
			isa = PBXGroup;
			children = (
				4E99A0162B61A43800726C31 /* WardsListViewController.swift */,
				4EBB41182B626F3F00F8C47E /* WardsListPresenter.swift */,
				4EBB41202B62B3C000F8C47E /* WardsListTableViewCell.swift */,
				4EBB41272B631B1B00F8C47E /* Constants.swift */,
			);
			path = WardsListModule;
			sourceTree = "<group>";
		};
		4EBB41222B62FAF500F8C47E /* Extensions */ = {
			isa = PBXGroup;
			children = (
				4EBB41232B62FB1400F8C47E /* Extension + UIImageView.swift */,
			);
			path = Extensions;
			sourceTree = "<group>";
		};
		4EE1AF682B61AC120005C47F /* Graphql */ = {
			isa = PBXGroup;
			children = (
				4EE1AF692B61AC120005C47F /* schema.graphqls */,
				4EE1AF6B2B61AC880005C47F /* WardsListQuery.graphql */,
			);
			path = Graphql;
			sourceTree = SOURCE_ROOT;
		};
		4EE1AF732B61B0A70005C47F /* ApplicationLayer */ = {
			isa = PBXGroup;
			children = (
				4E99A0122B61A43800726C31 /* AppDelegate.swift */,
				4E99A0142B61A43800726C31 /* SceneDelegate.swift */,
				4E99A0202B61A43A00726C31 /* Info.plist */,
				4E99A01D2B61A43A00726C31 /* LaunchScreen.storyboard */,
			);
			path = ApplicationLayer;
			sourceTree = "<group>";
		};
		4EE1AF742B61B0B60005C47F /* PresentationLayer */ = {
			isa = PBXGroup;
			children = (
				4EBB411A2B62735300F8C47E /* Common */,
				4EBB411B2B62735D00F8C47E /* WardsListModule */,
			);
			path = PresentationLayer;
			sourceTree = "<group>";
		};
		4EE1AF752B61B0CA0005C47F /* NetworkLayer */ = {
			isa = PBXGroup;
			children = (
				4EE1AF702B61ADF40005C47F /* NetworkService.swift */,
				4EBB41252B62FC4800F8C47E /* Config.swift */,
			);
			path = NetworkLayer;
			sourceTree = "<group>";
		};
		4EE1AF762B61B0EF0005C47F /* Resources */ = {
			isa = PBXGroup;
			children = (
				4E99A01B2B61A43A00726C31 /* Assets.xcassets */,
			);
			path = Resources;
			sourceTree = "<group>";
		};
/* End PBXGroup section */

/* Begin PBXNativeTarget section */
		4E99A00E2B61A43800726C31 /* PomoschWardsList */ = {
			isa = PBXNativeTarget;
			buildConfigurationList = 4E99A0232B61A43A00726C31 /* Build configuration list for PBXNativeTarget "PomoschWardsList" */;
			buildPhases = (
				4E99A00B2B61A43800726C31 /* Sources */,
				4E99A00C2B61A43800726C31 /* Frameworks */,
				4E99A00D2B61A43800726C31 /* Resources */,
			);
			buildRules = (
			);
			dependencies = (
			);
			name = PomoschWardsList;
			packageProductDependencies = (
				4EE1AF642B61A8EA0005C47F /* Apollo */,
				4EE1AF6E2B61AD3C0005C47F /* WardsAPI */,
				4EE1AF782B61B2E70005C47F /* SnapKit */,
			);
			productName = PomoschWardsList;
			productReference = 4E99A00F2B61A43800726C31 /* PomoschWardsList.app */;
			productType = "com.apple.product-type.application";
		};
/* End PBXNativeTarget section */

/* Begin PBXProject section */
		4E99A0072B61A43800726C31 /* Project object */ = {
			isa = PBXProject;
			attributes = {
				BuildIndependentTargetsInParallel = 1;
				LastSwiftUpdateCheck = 1520;
				LastUpgradeCheck = 1520;
				TargetAttributes = {
					4E99A00E2B61A43800726C31 = {
						CreatedOnToolsVersion = 15.2;
					};
				};
			};
			buildConfigurationList = 4E99A00A2B61A43800726C31 /* Build configuration list for PBXProject "PomoschWardsList" */;
			compatibilityVersion = "Xcode 14.0";
			developmentRegion = en;
			hasScannedForEncodings = 0;
			knownRegions = (
				en,
				Base,
			);
			mainGroup = 4E99A0062B61A43800726C31;
			packageReferences = (
				4EE1AF632B61A8EA0005C47F /* XCRemoteSwiftPackageReference "apollo-ios" */,
				4EE1AF6D2B61AD3C0005C47F /* XCLocalSwiftPackageReference "WardsAPI" */,
				4EE1AF772B61B2E70005C47F /* XCRemoteSwiftPackageReference "SnapKit" */,
			);
			productRefGroup = 4E99A0102B61A43800726C31 /* Products */;
			projectDirPath = "";
			projectRoot = "";
			targets = (
				4E99A00E2B61A43800726C31 /* PomoschWardsList */,
			);
		};
/* End PBXProject section */

/* Begin PBXResourcesBuildPhase section */
		4E99A00D2B61A43800726C31 /* Resources */ = {
			isa = PBXResourcesBuildPhase;
			buildActionMask = 2147483647;
			files = (
				4EE1AF6C2B61AC880005C47F /* WardsListQuery.graphql in Resources */,
				4EE1AF6A2B61AC120005C47F /* schema.graphqls in Resources */,
				4E99A01F2B61A43A00726C31 /* LaunchScreen.storyboard in Resources */,
				4E99A01C2B61A43A00726C31 /* Assets.xcassets in Resources */,
			);
			runOnlyForDeploymentPostprocessing = 0;
		};
/* End PBXResourcesBuildPhase section */

/* Begin PBXSourcesBuildPhase section */
		4E99A00B2B61A43800726C31 /* Sources */ = {
			isa = PBXSourcesBuildPhase;
			buildActionMask = 2147483647;
			files = (
				4E99A0172B61A43800726C31 /* WardsListViewController.swift in Sources */,
				4EBB41282B631B1B00F8C47E /* Constants.swift in Sources */,
				4EBB411D2B62738000F8C47E /* Assembly.swift in Sources */,
				4EBB41242B62FB1400F8C47E /* Extension + UIImageView.swift in Sources */,
				4E99A0132B61A43800726C31 /* AppDelegate.swift in Sources */,
				4EBB411F2B62738600F8C47E /* Router.swift in Sources */,
				4EE1AF712B61ADF40005C47F /* NetworkService.swift in Sources */,
				4EBB41192B626F3F00F8C47E /* WardsListPresenter.swift in Sources */,
				4EBB41262B62FC4800F8C47E /* Config.swift in Sources */,
				4E99A0152B61A43800726C31 /* SceneDelegate.swift in Sources */,
				4EBB41212B62B3C000F8C47E /* WardsListTableViewCell.swift in Sources */,
			);
			runOnlyForDeploymentPostprocessing = 0;
		};
/* End PBXSourcesBuildPhase section */

/* Begin PBXVariantGroup section */
		4E99A01D2B61A43A00726C31 /* LaunchScreen.storyboard */ = {
			isa = PBXVariantGroup;
			children = (
				4E99A01E2B61A43A00726C31 /* Base */,
			);
			name = LaunchScreen.storyboard;
			sourceTree = "<group>";
		};
/* End PBXVariantGroup section */

/* Begin XCBuildConfiguration section */
		4E99A0212B61A43A00726C31 /* Debug */ = {
			isa = XCBuildConfiguration;
			buildSettings = {
				ALWAYS_SEARCH_USER_PATHS = NO;
				ASSETCATALOG_COMPILER_GENERATE_SWIFT_ASSET_SYMBOL_EXTENSIONS = YES;
				CLANG_ANALYZER_NONNULL = YES;
				CLANG_ANALYZER_NUMBER_OBJECT_CONVERSION = YES_AGGRESSIVE;
				CLANG_CXX_LANGUAGE_STANDARD = "gnu++20";
				CLANG_ENABLE_MODULES = YES;
				CLANG_ENABLE_OBJC_ARC = YES;
				CLANG_ENABLE_OBJC_WEAK = YES;
				CLANG_WARN_BLOCK_CAPTURE_AUTORELEASING = YES;
				CLANG_WARN_BOOL_CONVERSION = YES;
				CLANG_WARN_COMMA = YES;
				CLANG_WARN_CONSTANT_CONVERSION = YES;
				CLANG_WARN_DEPRECATED_OBJC_IMPLEMENTATIONS = YES;
				CLANG_WARN_DIRECT_OBJC_ISA_USAGE = YES_ERROR;
				CLANG_WARN_DOCUMENTATION_COMMENTS = YES;
				CLANG_WARN_EMPTY_BODY = YES;
				CLANG_WARN_ENUM_CONVERSION = YES;
				CLANG_WARN_INFINITE_RECURSION = YES;
				CLANG_WARN_INT_CONVERSION = YES;
				CLANG_WARN_NON_LITERAL_NULL_CONVERSION = YES;
				CLANG_WARN_OBJC_IMPLICIT_RETAIN_SELF = YES;
				CLANG_WARN_OBJC_LITERAL_CONVERSION = YES;
				CLANG_WARN_OBJC_ROOT_CLASS = YES_ERROR;
				CLANG_WARN_QUOTED_INCLUDE_IN_FRAMEWORK_HEADER = YES;
				CLANG_WARN_RANGE_LOOP_ANALYSIS = YES;
				CLANG_WARN_STRICT_PROTOTYPES = YES;
				CLANG_WARN_SUSPICIOUS_MOVE = YES;
				CLANG_WARN_UNGUARDED_AVAILABILITY = YES_AGGRESSIVE;
				CLANG_WARN_UNREACHABLE_CODE = YES;
				CLANG_WARN__DUPLICATE_METHOD_MATCH = YES;
				COPY_PHASE_STRIP = NO;
				DEBUG_INFORMATION_FORMAT = dwarf;
				ENABLE_STRICT_OBJC_MSGSEND = YES;
				ENABLE_TESTABILITY = YES;
				ENABLE_USER_SCRIPT_SANDBOXING = YES;
				GCC_C_LANGUAGE_STANDARD = gnu17;
				GCC_DYNAMIC_NO_PIC = NO;
				GCC_NO_COMMON_BLOCKS = YES;
				GCC_OPTIMIZATION_LEVEL = 0;
				GCC_PREPROCESSOR_DEFINITIONS = (
					"DEBUG=1",
					"$(inherited)",
				);
				GCC_WARN_64_TO_32_BIT_CONVERSION = YES;
				GCC_WARN_ABOUT_RETURN_TYPE = YES_ERROR;
				GCC_WARN_UNDECLARED_SELECTOR = YES;
				GCC_WARN_UNINITIALIZED_AUTOS = YES_AGGRESSIVE;
				GCC_WARN_UNUSED_FUNCTION = YES;
				GCC_WARN_UNUSED_VARIABLE = YES;
				IPHONEOS_DEPLOYMENT_TARGET = 17.2;
				LOCALIZATION_PREFERS_STRING_CATALOGS = YES;
				MTL_ENABLE_DEBUG_INFO = INCLUDE_SOURCE;
				MTL_FAST_MATH = YES;
				ONLY_ACTIVE_ARCH = YES;
				SDKROOT = iphoneos;
				SWIFT_ACTIVE_COMPILATION_CONDITIONS = "DEBUG $(inherited)";
				SWIFT_OPTIMIZATION_LEVEL = "-Onone";
			};
			name = Debug;
		};
		4E99A0222B61A43A00726C31 /* Release */ = {
			isa = XCBuildConfiguration;
			buildSettings = {
				ALWAYS_SEARCH_USER_PATHS = NO;
				ASSETCATALOG_COMPILER_GENERATE_SWIFT_ASSET_SYMBOL_EXTENSIONS = YES;
				CLANG_ANALYZER_NONNULL = YES;
				CLANG_ANALYZER_NUMBER_OBJECT_CONVERSION = YES_AGGRESSIVE;
				CLANG_CXX_LANGUAGE_STANDARD = "gnu++20";
				CLANG_ENABLE_MODULES = YES;
				CLANG_ENABLE_OBJC_ARC = YES;
				CLANG_ENABLE_OBJC_WEAK = YES;
				CLANG_WARN_BLOCK_CAPTURE_AUTORELEASING = YES;
				CLANG_WARN_BOOL_CONVERSION = YES;
				CLANG_WARN_COMMA = YES;
				CLANG_WARN_CONSTANT_CONVERSION = YES;
				CLANG_WARN_DEPRECATED_OBJC_IMPLEMENTATIONS = YES;
				CLANG_WARN_DIRECT_OBJC_ISA_USAGE = YES_ERROR;
				CLANG_WARN_DOCUMENTATION_COMMENTS = YES;
				CLANG_WARN_EMPTY_BODY = YES;
				CLANG_WARN_ENUM_CONVERSION = YES;
				CLANG_WARN_INFINITE_RECURSION = YES;
				CLANG_WARN_INT_CONVERSION = YES;
				CLANG_WARN_NON_LITERAL_NULL_CONVERSION = YES;
				CLANG_WARN_OBJC_IMPLICIT_RETAIN_SELF = YES;
				CLANG_WARN_OBJC_LITERAL_CONVERSION = YES;
				CLANG_WARN_OBJC_ROOT_CLASS = YES_ERROR;
				CLANG_WARN_QUOTED_INCLUDE_IN_FRAMEWORK_HEADER = YES;
				CLANG_WARN_RANGE_LOOP_ANALYSIS = YES;
				CLANG_WARN_STRICT_PROTOTYPES = YES;
				CLANG_WARN_SUSPICIOUS_MOVE = YES;
				CLANG_WARN_UNGUARDED_AVAILABILITY = YES_AGGRESSIVE;
				CLANG_WARN_UNREACHABLE_CODE = YES;
				CLANG_WARN__DUPLICATE_METHOD_MATCH = YES;
				COPY_PHASE_STRIP = NO;
				DEBUG_INFORMATION_FORMAT = "dwarf-with-dsym";
				ENABLE_NS_ASSERTIONS = NO;
				ENABLE_STRICT_OBJC_MSGSEND = YES;
				ENABLE_USER_SCRIPT_SANDBOXING = YES;
				GCC_C_LANGUAGE_STANDARD = gnu17;
				GCC_NO_COMMON_BLOCKS = YES;
				GCC_WARN_64_TO_32_BIT_CONVERSION = YES;
				GCC_WARN_ABOUT_RETURN_TYPE = YES_ERROR;
				GCC_WARN_UNDECLARED_SELECTOR = YES;
				GCC_WARN_UNINITIALIZED_AUTOS = YES_AGGRESSIVE;
				GCC_WARN_UNUSED_FUNCTION = YES;
				GCC_WARN_UNUSED_VARIABLE = YES;
				IPHONEOS_DEPLOYMENT_TARGET = 17.2;
				LOCALIZATION_PREFERS_STRING_CATALOGS = YES;
				MTL_ENABLE_DEBUG_INFO = NO;
				MTL_FAST_MATH = YES;
				SDKROOT = iphoneos;
				SWIFT_COMPILATION_MODE = wholemodule;
				VALIDATE_PRODUCT = YES;
			};
			name = Release;
		};
		4E99A0242B61A43A00726C31 /* Debug */ = {
			isa = XCBuildConfiguration;
			buildSettings = {
				ASSETCATALOG_COMPILER_APPICON_NAME = AppIcon;
				ASSETCATALOG_COMPILER_GLOBAL_ACCENT_COLOR_NAME = AccentColor;
				CODE_SIGN_STYLE = Automatic;
				CURRENT_PROJECT_VERSION = 1;
				DEVELOPMENT_TEAM = UNMAYVRLD7;
				GENERATE_INFOPLIST_FILE = YES;
				INFOPLIST_FILE = PomoschWardsList/ApplicationLayer/Info.plist;
				INFOPLIST_KEY_UIApplicationSupportsIndirectInputEvents = YES;
				INFOPLIST_KEY_UILaunchStoryboardName = LaunchScreen;
				INFOPLIST_KEY_UISupportedInterfaceOrientations = UIInterfaceOrientationPortrait;
				INFOPLIST_KEY_UISupportedInterfaceOrientations_iPad = "UIInterfaceOrientationLandscapeLeft UIInterfaceOrientationLandscapeRight UIInterfaceOrientationPortrait UIInterfaceOrientationPortraitUpsideDown";
				IPHONEOS_DEPLOYMENT_TARGET = 15.0;
				LD_RUNPATH_SEARCH_PATHS = (
					"$(inherited)",
					"@executable_path/Frameworks",
				);
				MARKETING_VERSION = 1.0;
				PRODUCT_BUNDLE_IDENTIFIER = ru.RomanKozlovsky.PomoschWardsList;
				PRODUCT_NAME = "$(TARGET_NAME)";
				SUPPORTED_PLATFORMS = "iphoneos iphonesimulator";
				SUPPORTS_MACCATALYST = NO;
				SUPPORTS_MAC_DESIGNED_FOR_IPHONE_IPAD = NO;
				SUPPORTS_XR_DESIGNED_FOR_IPHONE_IPAD = NO;
				SWIFT_EMIT_LOC_STRINGS = YES;
				SWIFT_VERSION = 5.0;
				TARGETED_DEVICE_FAMILY = 1;
			};
			name = Debug;
		};
		4E99A0252B61A43A00726C31 /* Release */ = {
			isa = XCBuildConfiguration;
			buildSettings = {
				ASSETCATALOG_COMPILER_APPICON_NAME = AppIcon;
				ASSETCATALOG_COMPILER_GLOBAL_ACCENT_COLOR_NAME = AccentColor;
				CODE_SIGN_STYLE = Automatic;
				CURRENT_PROJECT_VERSION = 1;
				DEVELOPMENT_TEAM = UNMAYVRLD7;
				GENERATE_INFOPLIST_FILE = YES;
				INFOPLIST_FILE = PomoschWardsList/ApplicationLayer/Info.plist;
				INFOPLIST_KEY_UIApplicationSupportsIndirectInputEvents = YES;
				INFOPLIST_KEY_UILaunchStoryboardName = LaunchScreen;
				INFOPLIST_KEY_UISupportedInterfaceOrientations = UIInterfaceOrientationPortrait;
				INFOPLIST_KEY_UISupportedInterfaceOrientations_iPad = "UIInterfaceOrientationLandscapeLeft UIInterfaceOrientationLandscapeRight UIInterfaceOrientationPortrait UIInterfaceOrientationPortraitUpsideDown";
				IPHONEOS_DEPLOYMENT_TARGET = 15.0;
				LD_RUNPATH_SEARCH_PATHS = (
					"$(inherited)",
					"@executable_path/Frameworks",
				);
				MARKETING_VERSION = 1.0;
				PRODUCT_BUNDLE_IDENTIFIER = ru.RomanKozlovsky.PomoschWardsList;
				PRODUCT_NAME = "$(TARGET_NAME)";
				SUPPORTED_PLATFORMS = "iphoneos iphonesimulator";
				SUPPORTS_MACCATALYST = NO;
				SUPPORTS_MAC_DESIGNED_FOR_IPHONE_IPAD = NO;
				SUPPORTS_XR_DESIGNED_FOR_IPHONE_IPAD = NO;
				SWIFT_EMIT_LOC_STRINGS = YES;
				SWIFT_VERSION = 5.0;
				TARGETED_DEVICE_FAMILY = 1;
			};
			name = Release;
		};
/* End XCBuildConfiguration section */

/* Begin XCConfigurationList section */
		4E99A00A2B61A43800726C31 /* Build configuration list for PBXProject "PomoschWardsList" */ = {
			isa = XCConfigurationList;
			buildConfigurations = (
				4E99A0212B61A43A00726C31 /* Debug */,
				4E99A0222B61A43A00726C31 /* Release */,
			);
			defaultConfigurationIsVisible = 0;
			defaultConfigurationName = Release;
		};
		4E99A0232B61A43A00726C31 /* Build configuration list for PBXNativeTarget "PomoschWardsList" */ = {
			isa = XCConfigurationList;
			buildConfigurations = (
				4E99A0242B61A43A00726C31 /* Debug */,
				4E99A0252B61A43A00726C31 /* Release */,
			);
			defaultConfigurationIsVisible = 0;
			defaultConfigurationName = Release;
		};
/* End XCConfigurationList section */

/* Begin XCLocalSwiftPackageReference section */
		4EE1AF6D2B61AD3C0005C47F /* XCLocalSwiftPackageReference "WardsAPI" */ = {
			isa = XCLocalSwiftPackageReference;
			relativePath = WardsAPI;
		};
/* End XCLocalSwiftPackageReference section */

/* Begin XCRemoteSwiftPackageReference section */
		4EE1AF632B61A8EA0005C47F /* XCRemoteSwiftPackageReference "apollo-ios" */ = {
			isa = XCRemoteSwiftPackageReference;
			repositoryURL = "https://github.com/apollographql/apollo-ios.git";
			requirement = {
				kind = upToNextMinorVersion;
				minimumVersion = 1.8.0;
			};
		};
		4EE1AF772B61B2E70005C47F /* XCRemoteSwiftPackageReference "SnapKit" */ = {
			isa = XCRemoteSwiftPackageReference;
			repositoryURL = "https://github.com/SnapKit/SnapKit.git";
			requirement = {
				kind = upToNextMajorVersion;
				minimumVersion = 5.7.0;
			};
		};
/* End XCRemoteSwiftPackageReference section */

/* Begin XCSwiftPackageProductDependency section */
		4EE1AF642B61A8EA0005C47F /* Apollo */ = {
			isa = XCSwiftPackageProductDependency;
			package = 4EE1AF632B61A8EA0005C47F /* XCRemoteSwiftPackageReference "apollo-ios" */;
			productName = Apollo;
		};
		4EE1AF6E2B61AD3C0005C47F /* WardsAPI */ = {
			isa = XCSwiftPackageProductDependency;
			productName = WardsAPI;
		};
		4EE1AF782B61B2E70005C47F /* SnapKit */ = {
			isa = XCSwiftPackageProductDependency;
			package = 4EE1AF772B61B2E70005C47F /* XCRemoteSwiftPackageReference "SnapKit" */;
			productName = SnapKit;
		};
/* End XCSwiftPackageProductDependency section */
	};
	rootObject = 4E99A0072B61A43800726C31 /* Project object */;
}
